
Microsoft Visual Studio Solution File, Format Version 12.00
# Visual Studio 15
VisualStudioVersion = 15.0.28307.136
MinimumVisualStudioVersion = 10.0.40219.1
Project("{FAE04EC0-301F-11D3-BF4B-00C04F79EFBC}") = "SoracomDemo", "SoracomDemo\SoracomDemo.csproj", "{D294C567-7876-4D9D-93E4-6BCF819A6BBC}"
EndProject
Global
	GlobalSection(SolutionConfigurationPlatforms) = preSolution
		Debug|Any CPU = Debug|Any CPU
		Release|Any CPU = Release|Any CPU
	EndGlobalSection
	GlobalSection(ProjectConfigurationPlatforms) = postSolution
		{D294C567-7876-4D9D-93E4-6BCF819A6BBC}.Debug|Any CPU.ActiveCfg = Debug|Any CPU
		{D294C567-7876-4D9D-93E4-6BCF819A6BBC}.Debug|Any CPU.Build.0 = Debug|Any CPU
		{D294C567-7876-4D9D-93E4-6BCF819A6BBC}.Release|Any CPU.ActiveCfg = Release|Any CPU
		{D294C567-7876-4D9D-93E4-6BCF819A6BBC}.Release|Any CPU.Build.0 = Release|Any CPU
	EndGlobalSection
	GlobalSection(SolutionProperties) = preSolution
		HideSolutionNode = FALSE
	EndGlobalSection
	GlobalSection(ExtensibilityGlobals) = postSolution
		SolutionGuid = {B22D0DCA-229D-4C83-8C24-B35B697AC1C6}
	EndGlobalSection
EndGlobal
